
Microsoft Visual Studio Solution File, Format Version 12.00
# Visual Studio Version 16
VisualStudioVersion = 16.0.30907.101
MinimumVisualStudioVersion = 10.0.40219.1
Project("{8BC9CEB8-8B4A-11D0-8D11-00A0C91BC942}") = "나도코딩", "나도코딩\나도코딩.vcxproj", "{BF98D035-00AE-42C2-90D8-BFEC06CD3C00}"
EndProject
Global
	GlobalSection(SolutionConfigurationPlatforms) = preSolution
		Debug|x64 = Debug|x64
		Debug|x86 = Debug|x86
		Release|x64 = Release|x64
		Release|x86 = Release|x86
	EndGlobalSection
	GlobalSection(ProjectConfigurationPlatforms) = postSolution
		{BF98D035-00AE-42C2-90D8-BFEC06CD3C00}.Debug|x64.ActiveCfg = Debug|x64
		{BF98D035-00AE-42C2-90D8-BFEC06CD3C00}.Debug|x64.Build.0 = Debug|x64
		{BF98D035-00AE-42C2-90D8-BFEC06CD3C00}.Debug|x86.ActiveCfg = Debug|Win32
		{BF98D035-00AE-42C2-90D8-BFEC06CD3C00}.Debug|x86.Build.0 = Debug|Win32
		{BF98D035-00AE-42C2-90D8-BFEC06CD3C00}.Release|x64.ActiveCfg = Release|x64
		{BF98D035-00AE-42C2-90D8-BFEC06CD3C00}.Release|x64.Build.0 = Release|x64
		{BF98D035-00AE-42C2-90D8-BFEC06CD3C00}.Release|x86.ActiveCfg = Release|Win32
		{BF98D035-00AE-42C2-90D8-BFEC06CD3C00}.Release|x86.Build.0 = Release|Win32
	EndGlobalSection
	GlobalSection(SolutionProperties) = preSolution
		HideSolutionNode = FALSE
	EndGlobalSection
	GlobalSection(ExtensibilityGlobals) = postSolution
		SolutionGuid = {F283D2A3-BD34-4FBD-9DB4-E90CADC4D785}
	EndGlobalSection
EndGlobal
